
Microsoft Visual Studio Solution File, Format Version 12.00
# Visual Studio Version 17
VisualStudioVersion = 17.12.35707.178 d17.12
MinimumVisualStudioVersion = 10.0.40219.1
Project("{FAE04EC0-301F-11D3-BF4B-00C04F79EFBC}") = "DesafioProjetoHospedagem", "DesafioProjetoHospedagem.csproj", "{F5480E45-28B4-4A8B-A5B7-1B5A55C874FA}"
EndProject
Global
	GlobalSection(SolutionConfigurationPlatforms) = preSolution
		Debug|Any CPU = Debug|Any CPU
		Release|Any CPU = Release|Any CPU
	EndGlobalSection
	GlobalSection(ProjectConfigurationPlatforms) = postSolution
		{F5480E45-28B4-4A8B-A5B7-1B5A55C874FA}.Debug|Any CPU.ActiveCfg = Debug|Any CPU
		{F5480E45-28B4-4A8B-A5B7-1B5A55C874FA}.Debug|Any CPU.Build.0 = Debug|Any CPU
		{F5480E45-28B4-4A8B-A5B7-1B5A55C874FA}.Release|Any CPU.ActiveCfg = Release|Any CPU
		{F5480E45-28B4-4A8B-A5B7-1B5A55C874FA}.Release|Any CPU.Build.0 = Release|Any CPU
	EndGlobalSection
	GlobalSection(SolutionProperties) = preSolution
		HideSolutionNode = FALSE
	EndGlobalSection
EndGlobal
